// !$*UTF8*$!
{
	archiveVersion = 1;
	classes = {
	};
	objectVersion = 56;
	objects = {

/* Begin PBXBuildFile section */
		5088837A295E46210029198B /* SwordApp.swift in Sources */ = {isa = PBXBuildFile; fileRef = 50888379295E46210029198B /* SwordApp.swift */; };
		5088837C295E46210029198B /* ContentView.swift in Sources */ = {isa = PBXBuildFile; fileRef = 5088837B295E46210029198B /* ContentView.swift */; };
		5088837E295E46220029198B /* Assets.xcassets in Resources */ = {isa = PBXBuildFile; fileRef = 5088837D295E46220029198B /* Assets.xcassets */; };
		50888381295E46220029198B /* Preview Assets.xcassets in Resources */ = {isa = PBXBuildFile; fileRef = 50888380295E46220029198B /* Preview Assets.xcassets */; };
		5088838A295E50180029198B /* CardView.swift in Sources */ = {isa = PBXBuildFile; fileRef = 50888389295E50180029198B /* CardView.swift */; };
		5088838C296361960029198B /* PostView.swift in Sources */ = {isa = PBXBuildFile; fileRef = 5088838B296361960029198B /* PostView.swift */; };
		5088838E29638B450029198B /* CategoryButton.swift in Sources */ = {isa = PBXBuildFile; fileRef = 5088838D29638B450029198B /* CategoryButton.swift */; };
		50888390296788D70029198B /* SearchBar.swift in Sources */ = {isa = PBXBuildFile; fileRef = 5088838F296788D70029198B /* SearchBar.swift */; };
		50888393296CFC5A0029198B /* verseViewModel.swift in Sources */ = {isa = PBXBuildFile; fileRef = 50888392296CFC5A0029198B /* verseViewModel.swift */; };
		50888396296CFCB50029198B /* CoreData.xcdatamodeld in Sources */ = {isa = PBXBuildFile; fileRef = 50888394296CFCB50029198B /* CoreData.xcdatamodeld */; };
/* End PBXBuildFile section */

/* Begin PBXFileReference section */
		50888376295E46210029198B /* Sword.app */ = {isa = PBXFileReference; explicitFileType = wrapper.application; includeInIndex = 0; path = Sword.app; sourceTree = BUILT_PRODUCTS_DIR; };
		50888379295E46210029198B /* SwordApp.swift */ = {isa = PBXFileReference; lastKnownFileType = sourcecode.swift; path = SwordApp.swift; sourceTree = "<group>"; };
		5088837B295E46210029198B /* ContentView.swift */ = {isa = PBXFileReference; lastKnownFileType = sourcecode.swift; path = ContentView.swift; sourceTree = "<group>"; };
		5088837D295E46220029198B /* Assets.xcassets */ = {isa = PBXFileReference; lastKnownFileType = folder.assetcatalog; path = Assets.xcassets; sourceTree = "<group>"; };
		50888380295E46220029198B /* Preview Assets.xcassets */ = {isa = PBXFileReference; lastKnownFileType = folder.assetcatalog; path = "Preview Assets.xcassets"; sourceTree = "<group>"; };
		50888389295E50180029198B /* CardView.swift */ = {isa = PBXFileReference; lastKnownFileType = sourcecode.swift; path = CardView.swift; sourceTree = "<group>"; };
		5088838B296361960029198B /* PostView.swift */ = {isa = PBXFileReference; lastKnownFileType = sourcecode.swift; path = PostView.swift; sourceTree = "<group>"; };
		5088838D29638B450029198B /* CategoryButton.swift */ = {isa = PBXFileReference; lastKnownFileType = sourcecode.swift; path = CategoryButton.swift; sourceTree = "<group>"; };
		5088838F296788D70029198B /* SearchBar.swift */ = {isa = PBXFileReference; lastKnownFileType = sourcecode.swift; path = SearchBar.swift; sourceTree = "<group>"; };
		50888392296CFC5A0029198B /* verseViewModel.swift */ = {isa = PBXFileReference; lastKnownFileType = sourcecode.swift; path = verseViewModel.swift; sourceTree = "<group>"; };
		50888395296CFCB50029198B /* CoreData.xcdatamodel */ = {isa = PBXFileReference; lastKnownFileType = wrapper.xcdatamodel; path = CoreData.xcdatamodel; sourceTree = "<group>"; };
/* End PBXFileReference section */

/* Begin PBXFrameworksBuildPhase section */
		50888373295E46210029198B /* Frameworks */ = {
			isa = PBXFrameworksBuildPhase;
			buildActionMask = 2147483647;
			files = (
			);
			runOnlyForDeploymentPostprocessing = 0;
		};
/* End PBXFrameworksBuildPhase section */

/* Begin PBXGroup section */
		5088836D295E46210029198B = {
			isa = PBXGroup;
			children = (
				50888378295E46210029198B /* Sword */,
				50888377295E46210029198B /* Products */,
			);
			sourceTree = "<group>";
		};
		50888377295E46210029198B /* Products */ = {
			isa = PBXGroup;
			children = (
				50888376295E46210029198B /* Sword.app */,
			);
			name = Products;
			sourceTree = "<group>";
		};
		50888378295E46210029198B /* Sword */ = {
			isa = PBXGroup;
			children = (
				50888379295E46210029198B /* SwordApp.swift */,
				50888388295E4FFC0029198B /* Components */,
				50888391296CFC310029198B /* ViewModel */,
				50888387295E4D470029198B /* Views */,
				5088837D295E46220029198B /* Assets.xcassets */,
				5088837F295E46220029198B /* Preview Content */,
				50888394296CFCB50029198B /* CoreData.xcdatamodeld */,
			);
			path = Sword;
			sourceTree = "<group>";
		};
		5088837F295E46220029198B /* Preview Content */ = {
			isa = PBXGroup;
			children = (
				50888380295E46220029198B /* Preview Assets.xcassets */,
			);
			path = "Preview Content";
			sourceTree = "<group>";
		};
		50888387295E4D470029198B /* Views */ = {
			isa = PBXGroup;
			children = (
				5088837B295E46210029198B /* ContentView.swift */,
				5088838B296361960029198B /* PostView.swift */,
			);
			path = Views;
			sourceTree = "<group>";
		};
		50888388295E4FFC0029198B /* Components */ = {
			isa = PBXGroup;
			children = (
				50888389295E50180029198B /* CardView.swift */,
				5088838D29638B450029198B /* CategoryButton.swift */,
				5088838F296788D70029198B /* SearchBar.swift */,
			);
			path = Components;
			sourceTree = "<group>";
		};
		50888391296CFC310029198B /* ViewModel */ = {
			isa = PBXGroup;
			children = (
				50888392296CFC5A0029198B /* verseViewModel.swift */,
			);
			path = ViewModel;
			sourceTree = "<group>";
		};
/* End PBXGroup section */

/* Begin PBXNativeTarget section */
		50888375295E46210029198B /* Sword */ = {
			isa = PBXNativeTarget;
			buildConfigurationList = 50888384295E46220029198B /* Build configuration list for PBXNativeTarget "Sword" */;
			buildPhases = (
				50888372295E46210029198B /* Sources */,
				50888373295E46210029198B /* Frameworks */,
				50888374295E46210029198B /* Resources */,
			);
			buildRules = (
			);
			dependencies = (
			);
			name = Sword;
			productName = Sword;
			productReference = 50888376295E46210029198B /* Sword.app */;
			productType = "com.apple.product-type.application";
		};
/* End PBXNativeTarget section */

/* Begin PBXProject section */
		5088836E295E46210029198B /* Project object */ = {
			isa = PBXProject;
			attributes = {
				BuildIndependentTargetsInParallel = 1;
				LastSwiftUpdateCheck = 1410;
				LastUpgradeCheck = 1410;
				TargetAttributes = {
					50888375295E46210029198B = {
						CreatedOnToolsVersion = 14.1;
					};
				};
			};
			buildConfigurationList = 50888371295E46210029198B /* Build configuration list for PBXProject "Sword" */;
			compatibilityVersion = "Xcode 14.0";
			developmentRegion = en;
			hasScannedForEncodings = 0;
			knownRegions = (
				en,
				Base,
			);
			mainGroup = 5088836D295E46210029198B;
			productRefGroup = 50888377295E46210029198B /* Products */;
			projectDirPath = "";
			projectRoot = "";
			targets = (
				50888375295E46210029198B /* Sword */,
			);
		};
/* End PBXProject section */

/* Begin PBXResourcesBuildPhase section */
		50888374295E46210029198B /* Resources */ = {
			isa = PBXResourcesBuildPhase;
			buildActionMask = 2147483647;
			files = (
				50888381295E46220029198B /* Preview Assets.xcassets in Resources */,
				5088837E295E46220029198B /* Assets.xcassets in Resources */,
			);
			runOnlyForDeploymentPostprocessing = 0;
		};
/* End PBXResourcesBuildPhase section */

/* Begin PBXSourcesBuildPhase section */
		50888372295E46210029198B /* Sources */ = {
			isa = PBXSourcesBuildPhase;
			buildActionMask = 2147483647;
			files = (
				50888396296CFCB50029198B /* CoreData.xcdatamodeld in Sources */,
				50888393296CFC5A0029198B /* verseViewModel.swift in Sources */,
				5088837C295E46210029198B /* ContentView.swift in Sources */,
				5088838E29638B450029198B /* CategoryButton.swift in Sources */,
				5088838A295E50180029198B /* CardView.swift in Sources */,
				5088838C296361960029198B /* PostView.swift in Sources */,
				5088837A295E46210029198B /* SwordApp.swift in Sources */,
				50888390296788D70029198B /* SearchBar.swift in Sources */,
			);
			runOnlyForDeploymentPostprocessing = 0;
		};
/* End PBXSourcesBuildPhase section */

/* Begin XCBuildConfiguration section */
		50888382295E46220029198B /* Debug */ = {
			isa = XCBuildConfiguration;
			buildSettings = {
				ALWAYS_SEARCH_USER_PATHS = NO;
				CLANG_ANALYZER_NONNULL = YES;
				CLANG_ANALYZER_NUMBER_OBJECT_CONVERSION = YES_AGGRESSIVE;
				CLANG_CXX_LANGUAGE_STANDARD = "gnu++20";
				CLANG_ENABLE_MODULES = YES;
				CLANG_ENABLE_OBJC_ARC = YES;
				CLANG_ENABLE_OBJC_WEAK = YES;
				CLANG_WARN_BLOCK_CAPTURE_AUTORELEASING = YES;
				CLANG_WARN_BOOL_CONVERSION = YES;
				CLANG_WARN_COMMA = YES;
				CLANG_WARN_CONSTANT_CONVERSION = YES;
				CLANG_WARN_DEPRECATED_OBJC_IMPLEMENTATIONS = YES;
				CLANG_WARN_DIRECT_OBJC_ISA_USAGE = YES_ERROR;
				CLANG_WARN_DOCUMENTATION_COMMENTS = YES;
				CLANG_WARN_EMPTY_BODY = YES;
				CLANG_WARN_ENUM_CONVERSION = YES;
				CLANG_WARN_INFINITE_RECURSION = YES;
				CLANG_WARN_INT_CONVERSION = YES;
				CLANG_WARN_NON_LITERAL_NULL_CONVERSION = YES;
				CLANG_WARN_OBJC_IMPLICIT_RETAIN_SELF = YES;
				CLANG_WARN_OBJC_LITERAL_CONVERSION = YES;
				CLANG_WARN_OBJC_ROOT_CLASS = YES_ERROR;
				CLANG_WARN_QUOTED_INCLUDE_IN_FRAMEWORK_HEADER = YES;
				CLANG_WARN_RANGE_LOOP_ANALYSIS = YES;
				CLANG_WARN_STRICT_PROTOTYPES = YES;
				CLANG_WARN_SUSPICIOUS_MOVE = YES;
				CLANG_WARN_UNGUARDED_AVAILABILITY = YES_AGGRESSIVE;
				CLANG_WARN_UNREACHABLE_CODE = YES;
				CLANG_WARN__DUPLICATE_METHOD_MATCH = YES;
				COPY_PHASE_STRIP = NO;
				DEBUG_INFORMATION_FORMAT = dwarf;
				ENABLE_STRICT_OBJC_MSGSEND = YES;
				ENABLE_TESTABILITY = YES;
				GCC_C_LANGUAGE_STANDARD = gnu11;
				GCC_DYNAMIC_NO_PIC = NO;
				GCC_NO_COMMON_BLOCKS = YES;
				GCC_OPTIMIZATION_LEVEL = 0;
				GCC_PREPROCESSOR_DEFINITIONS = (
					"DEBUG=1",
					"$(inherited)",
				);
				GCC_WARN_64_TO_32_BIT_CONVERSION = YES;
				GCC_WARN_ABOUT_RETURN_TYPE = YES_ERROR;
				GCC_WARN_UNDECLARED_SELECTOR = YES;
				GCC_WARN_UNINITIALIZED_AUTOS = YES_AGGRESSIVE;
				GCC_WARN_UNUSED_FUNCTION = YES;
				GCC_WARN_UNUSED_VARIABLE = YES;
				IPHONEOS_DEPLOYMENT_TARGET = 16.1;
				MTL_ENABLE_DEBUG_INFO = INCLUDE_SOURCE;
				MTL_FAST_MATH = YES;
				ONLY_ACTIVE_ARCH = YES;
				SDKROOT = iphoneos;
				SWIFT_ACTIVE_COMPILATION_CONDITIONS = DEBUG;
				SWIFT_OPTIMIZATION_LEVEL = "-Onone";
			};
			name = Debug;
		};
		50888383295E46220029198B /* Release */ = {
			isa = XCBuildConfiguration;
			buildSettings = {
				ALWAYS_SEARCH_USER_PATHS = NO;
				CLANG_ANALYZER_NONNULL = YES;
				CLANG_ANALYZER_NUMBER_OBJECT_CONVERSION = YES_AGGRESSIVE;
				CLANG_CXX_LANGUAGE_STANDARD = "gnu++20";
				CLANG_ENABLE_MODULES = YES;
				CLANG_ENABLE_OBJC_ARC = YES;
				CLANG_ENABLE_OBJC_WEAK = YES;
				CLANG_WARN_BLOCK_CAPTURE_AUTORELEASING = YES;
				CLANG_WARN_BOOL_CONVERSION = YES;
				CLANG_WARN_COMMA = YES;
				CLANG_WARN_CONSTANT_CONVERSION = YES;
				CLANG_WARN_DEPRECATED_OBJC_IMPLEMENTATIONS = YES;
				CLANG_WARN_DIRECT_OBJC_ISA_USAGE = YES_ERROR;
				CLANG_WARN_DOCUMENTATION_COMMENTS = YES;
				CLANG_WARN_EMPTY_BODY = YES;
				CLANG_WARN_ENUM_CONVERSION = YES;
				CLANG_WARN_INFINITE_RECURSION = YES;
				CLANG_WARN_INT_CONVERSION = YES;
				CLANG_WARN_NON_LITERAL_NULL_CONVERSION = YES;
				CLANG_WARN_OBJC_IMPLICIT_RETAIN_SELF = YES;
				CLANG_WARN_OBJC_LITERAL_CONVERSION = YES;
				CLANG_WARN_OBJC_ROOT_CLASS = YES_ERROR;
				CLANG_WARN_QUOTED_INCLUDE_IN_FRAMEWORK_HEADER = YES;
				CLANG_WARN_RANGE_LOOP_ANALYSIS = YES;
				CLANG_WARN_STRICT_PROTOTYPES = YES;
				CLANG_WARN_SUSPICIOUS_MOVE = YES;
				CLANG_WARN_UNGUARDED_AVAILABILITY = YES_AGGRESSIVE;
				CLANG_WARN_UNREACHABLE_CODE = YES;
				CLANG_WARN__DUPLICATE_METHOD_MATCH = YES;
				COPY_PHASE_STRIP = NO;
				DEBUG_INFORMATION_FORMAT = "dwarf-with-dsym";
				ENABLE_NS_ASSERTIONS = NO;
				ENABLE_STRICT_OBJC_MSGSEND = YES;
				GCC_C_LANGUAGE_STANDARD = gnu11;
				GCC_NO_COMMON_BLOCKS = YES;
				GCC_WARN_64_TO_32_BIT_CONVERSION = YES;
				GCC_WARN_ABOUT_RETURN_TYPE = YES_ERROR;
				GCC_WARN_UNDECLARED_SELECTOR = YES;
				GCC_WARN_UNINITIALIZED_AUTOS = YES_AGGRESSIVE;
				GCC_WARN_UNUSED_FUNCTION = YES;
				GCC_WARN_UNUSED_VARIABLE = YES;
				IPHONEOS_DEPLOYMENT_TARGET = 16.1;
				MTL_ENABLE_DEBUG_INFO = NO;
				MTL_FAST_MATH = YES;
				SDKROOT = iphoneos;
				SWIFT_COMPILATION_MODE = wholemodule;
				SWIFT_OPTIMIZATION_LEVEL = "-O";
				VALIDATE_PRODUCT = YES;
			};
			name = Release;
		};
		50888385295E46220029198B /* Debug */ = {
			isa = XCBuildConfiguration;
			buildSettings = {
				ASSETCATALOG_COMPILER_APPICON_NAME = AppIcon;
				ASSETCATALOG_COMPILER_GLOBAL_ACCENT_COLOR_NAME = AccentColor;
				CODE_SIGN_STYLE = Automatic;
				CURRENT_PROJECT_VERSION = 1;
				DEVELOPMENT_ASSET_PATHS = "\"Sword/Preview Content\"";
				DEVELOPMENT_TEAM = 3SV5BSZRYS;
				ENABLE_PREVIEWS = YES;
				GENERATE_INFOPLIST_FILE = YES;
				INFOPLIST_KEY_UIApplicationSceneManifest_Generation = YES;
				INFOPLIST_KEY_UIApplicationSupportsIndirectInputEvents = YES;
				INFOPLIST_KEY_UILaunchScreen_Generation = YES;
				INFOPLIST_KEY_UISupportedInterfaceOrientations_iPad = "UIInterfaceOrientationPortrait UIInterfaceOrientationPortraitUpsideDown UIInterfaceOrientationLandscapeLeft UIInterfaceOrientationLandscapeRight";
				INFOPLIST_KEY_UISupportedInterfaceOrientations_iPhone = "UIInterfaceOrientationPortrait UIInterfaceOrientationLandscapeLeft UIInterfaceOrientationLandscapeRight";
				LD_RUNPATH_SEARCH_PATHS = (
					"$(inherited)",
					"@executable_path/Frameworks",
				);
				MARKETING_VERSION = 1.0;
				PRODUCT_BUNDLE_IDENTIFIER = SegunAwe.Sword;
				PRODUCT_NAME = "$(TARGET_NAME)";
				SWIFT_EMIT_LOC_STRINGS = YES;
				SWIFT_VERSION = 5.0;
				TARGETED_DEVICE_FAMILY = "1,2";
			};
			name = Debug;
		};
		50888386295E46220029198B /* Release */ = {
			isa = XCBuildConfiguration;
			buildSettings = {
				ASSETCATALOG_COMPILER_APPICON_NAME = AppIcon;
				ASSETCATALOG_COMPILER_GLOBAL_ACCENT_COLOR_NAME = AccentColor;
				CODE_SIGN_STYLE = Automatic;
				CURRENT_PROJECT_VERSION = 1;
				DEVELOPMENT_ASSET_PATHS = "\"Sword/Preview Content\"";
				DEVELOPMENT_TEAM = 3SV5BSZRYS;
				ENABLE_PREVIEWS = YES;
				GENERATE_INFOPLIST_FILE = YES;
				INFOPLIST_KEY_UIApplicationSceneManifest_Generation = YES;
				INFOPLIST_KEY_UIApplicationSupportsIndirectInputEvents = YES;
				INFOPLIST_KEY_UILaunchScreen_Generation = YES;
				INFOPLIST_KEY_UISupportedInterfaceOrientations_iPad = "UIInterfaceOrientationPortrait UIInterfaceOrientationPortraitUpsideDown UIInterfaceOrientationLandscapeLeft UIInterfaceOrientationLandscapeRight";
				INFOPLIST_KEY_UISupportedInterfaceOrientations_iPhone = "UIInterfaceOrientationPortrait UIInterfaceOrientationLandscapeLeft UIInterfaceOrientationLandscapeRight";
				LD_RUNPATH_SEARCH_PATHS = (
					"$(inherited)",
					"@executable_path/Frameworks",
				);
				MARKETING_VERSION = 1.0;
				PRODUCT_BUNDLE_IDENTIFIER = SegunAwe.Sword;
				PRODUCT_NAME = "$(TARGET_NAME)";
				SWIFT_EMIT_LOC_STRINGS = YES;
				SWIFT_VERSION = 5.0;
				TARGETED_DEVICE_FAMILY = "1,2";
			};
			name = Release;
		};
/* End XCBuildConfiguration section */

/* Begin XCConfigurationList section */
		50888371295E46210029198B /* Build configuration list for PBXProject "Sword" */ = {
			isa = XCConfigurationList;
			buildConfigurations = (
				50888382295E46220029198B /* Debug */,
				50888383295E46220029198B /* Release */,
			);
			defaultConfigurationIsVisible = 0;
			defaultConfigurationName = Release;
		};
		50888384295E46220029198B /* Build configuration list for PBXNativeTarget "Sword" */ = {
			isa = XCConfigurationList;
			buildConfigurations = (
				50888385295E46220029198B /* Debug */,
				50888386295E46220029198B /* Release */,
			);
			defaultConfigurationIsVisible = 0;
			defaultConfigurationName = Release;
		};
/* End XCConfigurationList section */

/* Begin XCVersionGroup section */
		50888394296CFCB50029198B /* CoreData.xcdatamodeld */ = {
			isa = XCVersionGroup;
			children = (
				50888395296CFCB50029198B /* CoreData.xcdatamodel */,
			);
			currentVersion = 50888395296CFCB50029198B /* CoreData.xcdatamodel */;
			path = CoreData.xcdatamodeld;
			sourceTree = "<group>";
			versionGroupType = wrapper.xcdatamodel;
		};
/* End XCVersionGroup section */
	};
	rootObject = 5088836E295E46210029198B /* Project object */;
}
